
Microsoft Visual Studio Solution File, Format Version 12.00
# Visual Studio 14
VisualStudioVersion = 14.0.25420.1
MinimumVisualStudioVersion = 10.0.40219.1
Project("{FAE04EC0-301F-11D3-BF4B-00C04F79EFBC}") = "ChatGUI", "DevonThomson_PROG2200_Assignment2\ChatGUI.csproj", "{4DA4E059-11BF-4358-B4EB-E8EE90C19C90}"
	ProjectSection(ProjectDependencies) = postProject
		{5294E260-F86E-499F-9476-1BCC6BA0EFDD} = {5294E260-F86E-499F-9476-1BCC6BA0EFDD}
	EndProjectSection
EndProject
Project("{FAE04EC0-301F-11D3-BF4B-00C04F79EFBC}") = "ChatLib", "chatLib\ChatLib.csproj", "{5294E260-F86E-499F-9476-1BCC6BA0EFDD}"
EndProject
Project("{FAE04EC0-301F-11D3-BF4B-00C04F79EFBC}") = "Logging", "LogLib\Logging.csproj", "{3F3F28D4-AD72-4770-85DF-07831DF5827E}"
EndProject
Global
	GlobalSection(SolutionConfigurationPlatforms) = preSolution
		Debug|Any CPU = Debug|Any CPU
		Release|Any CPU = Release|Any CPU
	EndGlobalSection
	GlobalSection(ProjectConfigurationPlatforms) = postSolution
		{4DA4E059-11BF-4358-B4EB-E8EE90C19C90}.Debug|Any CPU.ActiveCfg = Debug|Any CPU
		{4DA4E059-11BF-4358-B4EB-E8EE90C19C90}.Debug|Any CPU.Build.0 = Debug|Any CPU
		{4DA4E059-11BF-4358-B4EB-E8EE90C19C90}.Release|Any CPU.ActiveCfg = Release|Any CPU
		{4DA4E059-11BF-4358-B4EB-E8EE90C19C90}.Release|Any CPU.Build.0 = Release|Any CPU
		{5294E260-F86E-499F-9476-1BCC6BA0EFDD}.Debug|Any CPU.ActiveCfg = Debug|Any CPU
		{5294E260-F86E-499F-9476-1BCC6BA0EFDD}.Debug|Any CPU.Build.0 = Debug|Any CPU
		{5294E260-F86E-499F-9476-1BCC6BA0EFDD}.Release|Any CPU.ActiveCfg = Release|Any CPU
		{5294E260-F86E-499F-9476-1BCC6BA0EFDD}.Release|Any CPU.Build.0 = Release|Any CPU
		{3F3F28D4-AD72-4770-85DF-07831DF5827E}.Debug|Any CPU.ActiveCfg = Debug|Any CPU
		{3F3F28D4-AD72-4770-85DF-07831DF5827E}.Debug|Any CPU.Build.0 = Debug|Any CPU
		{3F3F28D4-AD72-4770-85DF-07831DF5827E}.Release|Any CPU.ActiveCfg = Release|Any CPU
		{3F3F28D4-AD72-4770-85DF-07831DF5827E}.Release|Any CPU.Build.0 = Release|Any CPU
	EndGlobalSection
	GlobalSection(SolutionProperties) = preSolution
		HideSolutionNode = FALSE
	EndGlobalSection
EndGlobal
